
Microsoft Visual Studio Solution File, Format Version 12.00
# Visual Studio Version 16
VisualStudioVersion = 16.0.31112.23
MinimumVisualStudioVersion = 10.0.40219.1
Project("{FAE04EC0-301F-11D3-BF4B-00C04F79EFBC}") = "Lambda", "Lambda\Lambda.csproj", "{07D2E6B6-6536-447D-8881-EBB6C9E5DA9B}"
EndProject
Global
	GlobalSection(SolutionConfigurationPlatforms) = preSolution
		Debug|Any CPU = Debug|Any CPU
		Release|Any CPU = Release|Any CPU
	EndGlobalSection
	GlobalSection(ProjectConfigurationPlatforms) = postSolution
		{07D2E6B6-6536-447D-8881-EBB6C9E5DA9B}.Debug|Any CPU.ActiveCfg = Debug|Any CPU
		{07D2E6B6-6536-447D-8881-EBB6C9E5DA9B}.Debug|Any CPU.Build.0 = Debug|Any CPU
		{07D2E6B6-6536-447D-8881-EBB6C9E5DA9B}.Release|Any CPU.ActiveCfg = Release|Any CPU
		{07D2E6B6-6536-447D-8881-EBB6C9E5DA9B}.Release|Any CPU.Build.0 = Release|Any CPU
	EndGlobalSection
	GlobalSection(SolutionProperties) = preSolution
		HideSolutionNode = FALSE
	EndGlobalSection
	GlobalSection(ExtensibilityGlobals) = postSolution
		SolutionGuid = {126BDD40-EFAA-4159-AD8A-0E29B2EFF9E7}
	EndGlobalSection
EndGlobal
